github.com/gorilla/mux v1.7.3 h1:gnP5JzjVOuiZD07fKKToCAOjS0yOpj/qPETTXCCS6hw=
github.com/gorilla/mux v1.7.3/go.mod h1:1lud6UwP+6orDFRuTfBEV8e9/aOM/c4fVVCaMa2zaAs=
github.com/outcatcher/simple-exquisite-webserver v0.0.0-20190809095401-ab9d3e4ad2dd h1:kGoSQXNSESlH2ApoSnlqbNJWG4vrML55y3qGc+YRc10=
github.com/satori/go.uuid v1.2.0/go.mod h1:dA0hQrYB0VpLJoorglMZABFdXlWrHn1NEOzdhQKdks0=
github.com/sevlyar/go-daemon v0.1.5/go.mod h1:6dJpPatBT9eUwM5VCw9Bt6CdX9Tk6UWvhW3MebLDRKE=
